// !$*UTF8*$!
{
	archiveVersion = 1;
	classes = {
	};
	objectVersion = 46;
	objects = {

/* Begin PBXBuildFile section */
		588201821A6B26F5006AC7CC /* CurrentWeather.swift in Sources */ = {isa = PBXBuildFile; fileRef = 588201811A6B26F5006AC7CC /* CurrentWeather.swift */; };
		58FC3E801A5511F2003526F6 /* AppDelegate.swift in Sources */ = {isa = PBXBuildFile; fileRef = 58FC3E7F1A5511F2003526F6 /* AppDelegate.swift */; };
		58FC3E821A5511F2003526F6 /* ViewController.swift in Sources */ = {isa = PBXBuildFile; fileRef = 58FC3E811A5511F2003526F6 /* ViewController.swift */; };
		58FC3E851A5511F2003526F6 /* Main.storyboard in Resources */ = {isa = PBXBuildFile; fileRef = 58FC3E831A5511F2003526F6 /* Main.storyboard */; };
		58FC3E871A5511F2003526F6 /* Images.xcassets in Resources */ = {isa = PBXBuildFile; fileRef = 58FC3E861A5511F2003526F6 /* Images.xcassets */; };
		58FC3E8A1A5511F2003526F6 /* LaunchScreen.xib in Resources */ = {isa = PBXBuildFile; fileRef = 58FC3E881A5511F2003526F6 /* LaunchScreen.xib */; };
		58FC3E961A5511F3003526F6 /* ForecastyTests.swift in Sources */ = {isa = PBXBuildFile; fileRef = 58FC3E951A5511F3003526F6 /* ForecastyTests.swift */; };
/* End PBXBuildFile section */

/* Begin PBXContainerItemProxy section */
		58FC3E901A5511F3003526F6 /* PBXContainerItemProxy */ = {
			isa = PBXContainerItemProxy;
			containerPortal = 58FC3E721A5511F2003526F6 /* Project object */;
			proxyType = 1;
			remoteGlobalIDString = 58FC3E791A5511F2003526F6;
			remoteInfo = Forecasty;
		};
/* End PBXContainerItemProxy section */

/* Begin PBXFileReference section */
		588201811A6B26F5006AC7CC /* CurrentWeather.swift */ = {isa = PBXFileReference; fileEncoding = 4; lastKnownFileType = sourcecode.swift; path = CurrentWeather.swift; sourceTree = "<group>"; };
		588201831A6B674D006AC7CC /* MyPlayground2.playground */ = {isa = PBXFileReference; lastKnownFileType = file.playground; path = MyPlayground2.playground; sourceTree = "<group>"; };
		58FC3E7A1A5511F2003526F6 /* Forecasty.app */ = {isa = PBXFileReference; explicitFileType = wrapper.application; includeInIndex = 0; path = Forecasty.app; sourceTree = BUILT_PRODUCTS_DIR; };
		58FC3E7E1A5511F2003526F6 /* Info.plist */ = {isa = PBXFileReference; lastKnownFileType = text.plist.xml; path = Info.plist; sourceTree = "<group>"; };
		58FC3E7F1A5511F2003526F6 /* AppDelegate.swift */ = {isa = PBXFileReference; lastKnownFileType = sourcecode.swift; path = AppDelegate.swift; sourceTree = "<group>"; };
		58FC3E811A5511F2003526F6 /* ViewController.swift */ = {isa = PBXFileReference; lastKnownFileType = sourcecode.swift; path = ViewController.swift; sourceTree = "<group>"; };
		58FC3E841A5511F2003526F6 /* Base */ = {isa = PBXFileReference; lastKnownFileType = file.storyboard; name = Base; path = Base.lproj/Main.storyboard; sourceTree = "<group>"; };
		58FC3E861A5511F2003526F6 /* Images.xcassets */ = {isa = PBXFileReference; lastKnownFileType = folder.assetcatalog; path = Images.xcassets; sourceTree = "<group>"; };
		58FC3E891A5511F2003526F6 /* Base */ = {isa = PBXFileReference; lastKnownFileType = file.xib; name = Base; path = Base.lproj/LaunchScreen.xib; sourceTree = "<group>"; };
		58FC3E8F1A5511F3003526F6 /* ForecastyTests.xctest */ = {isa = PBXFileReference; explicitFileType = wrapper.cfbundle; includeInIndex = 0; path = ForecastyTests.xctest; sourceTree = BUILT_PRODUCTS_DIR; };
		58FC3E941A5511F3003526F6 /* Info.plist */ = {isa = PBXFileReference; lastKnownFileType = text.plist.xml; path = Info.plist; sourceTree = "<group>"; };
		58FC3E951A5511F3003526F6 /* ForecastyTests.swift */ = {isa = PBXFileReference; lastKnownFileType = sourcecode.swift; path = ForecastyTests.swift; sourceTree = "<group>"; };
		58FC3E9F1A553AEE003526F6 /* MyPlayground.playground */ = {isa = PBXFileReference; lastKnownFileType = file.playground; name = MyPlayground.playground; path = ../MyPlayground.playground; sourceTree = "<group>"; };
/* End PBXFileReference section */

/* Begin PBXFrameworksBuildPhase section */
		58FC3E771A5511F2003526F6 /* Frameworks */ = {
			isa = PBXFrameworksBuildPhase;
			buildActionMask = 2147483647;
			files = (
			);
			runOnlyForDeploymentPostprocessing = 0;
		};
		58FC3E8C1A5511F3003526F6 /* Frameworks */ = {
			isa = PBXFrameworksBuildPhase;
			buildActionMask = 2147483647;
			files = (
			);
			runOnlyForDeploymentPostprocessing = 0;
		};
/* End PBXFrameworksBuildPhase section */

/* Begin PBXGroup section */
		58FC3E711A5511F2003526F6 = {
			isa = PBXGroup;
			children = (
				58FC3E7C1A5511F2003526F6 /* Forecasty */,
				58FC3E921A5511F3003526F6 /* ForecastyTests */,
				58FC3E7B1A5511F2003526F6 /* Products */,
			);
			sourceTree = "<group>";
		};
		58FC3E7B1A5511F2003526F6 /* Products */ = {
			isa = PBXGroup;
			children = (
				58FC3E7A1A5511F2003526F6 /* Forecasty.app */,
				58FC3E8F1A5511F3003526F6 /* ForecastyTests.xctest */,
			);
			name = Products;
			sourceTree = "<group>";
		};
		58FC3E7C1A5511F2003526F6 /* Forecasty */ = {
			isa = PBXGroup;
			children = (
				58FC3E7F1A5511F2003526F6 /* AppDelegate.swift */,
				588201811A6B26F5006AC7CC /* CurrentWeather.swift */,
				58FC3E811A5511F2003526F6 /* ViewController.swift */,
				58FC3E831A5511F2003526F6 /* Main.storyboard */,
				58FC3E861A5511F2003526F6 /* Images.xcassets */,
				58FC3E881A5511F2003526F6 /* LaunchScreen.xib */,
				58FC3E7D1A5511F2003526F6 /* Supporting Files */,
			);
			path = Forecasty;
			sourceTree = "<group>";
		};
		58FC3E7D1A5511F2003526F6 /* Supporting Files */ = {
			isa = PBXGroup;
			children = (
				58FC3E9F1A553AEE003526F6 /* MyPlayground.playground */,
				588201831A6B674D006AC7CC /* MyPlayground2.playground */,
				58FC3E7E1A5511F2003526F6 /* Info.plist */,
			);
			name = "Supporting Files";
			sourceTree = "<group>";
		};
		58FC3E921A5511F3003526F6 /* ForecastyTests */ = {
			isa = PBXGroup;
			children = (
				58FC3E951A5511F3003526F6 /* ForecastyTests.swift */,
				58FC3E931A5511F3003526F6 /* Supporting Files */,
			);
			path = ForecastyTests;
			sourceTree = "<group>";
		};
		58FC3E931A5511F3003526F6 /* Supporting Files */ = {
			isa = PBXGroup;
			children = (
				58FC3E941A5511F3003526F6 /* Info.plist */,
			);
			name = "Supporting Files";
			sourceTree = "<group>";
		};
/* End PBXGroup section */

/* Begin PBXNativeTarget section */
		58FC3E791A5511F2003526F6 /* Forecasty */ = {
			isa = PBXNativeTarget;
			buildConfigurationList = 58FC3E991A5511F3003526F6 /* Build configuration list for PBXNativeTarget "Forecasty" */;
			buildPhases = (
				58FC3E761A5511F2003526F6 /* Sources */,
				58FC3E771A5511F2003526F6 /* Frameworks */,
				58FC3E781A5511F2003526F6 /* Resources */,
			);
			buildRules = (
			);
			dependencies = (
			);
			name = Forecasty;
			productName = Forecasty;
			productReference = 58FC3E7A1A5511F2003526F6 /* Forecasty.app */;
			productType = "com.apple.product-type.application";
		};
		58FC3E8E1A5511F3003526F6 /* ForecastyTests */ = {
			isa = PBXNativeTarget;
			buildConfigurationList = 58FC3E9C1A5511F3003526F6 /* Build configuration list for PBXNativeTarget "ForecastyTests" */;
			buildPhases = (
				58FC3E8B1A5511F3003526F6 /* Sources */,
				58FC3E8C1A5511F3003526F6 /* Frameworks */,
				58FC3E8D1A5511F3003526F6 /* Resources */,
			);
			buildRules = (
			);
			dependencies = (
				58FC3E911A5511F3003526F6 /* PBXTargetDependency */,
			);
			name = ForecastyTests;
			productName = ForecastyTests;
			productReference = 58FC3E8F1A5511F3003526F6 /* ForecastyTests.xctest */;
			productType = "com.apple.product-type.bundle.unit-test";
		};
/* End PBXNativeTarget section */

/* Begin PBXProject section */
		58FC3E721A5511F2003526F6 /* Project object */ = {
			isa = PBXProject;
			attributes = {
				LastUpgradeCheck = 0610;
				ORGANIZATIONNAME = shivkanth;
				TargetAttributes = {
					58FC3E791A5511F2003526F6 = {
						CreatedOnToolsVersion = 6.1.1;
						DevelopmentTeam = 27CX2957YL;
					};
					58FC3E8E1A5511F3003526F6 = {
						CreatedOnToolsVersion = 6.1.1;
						TestTargetID = 58FC3E791A5511F2003526F6;
					};
				};
			};
			buildConfigurationList = 58FC3E751A5511F2003526F6 /* Build configuration list for PBXProject "Forecasty" */;
			compatibilityVersion = "Xcode 3.2";
			developmentRegion = English;
			hasScannedForEncodings = 0;
			knownRegions = (
				en,
				Base,
			);
			mainGroup = 58FC3E711A5511F2003526F6;
			productRefGroup = 58FC3E7B1A5511F2003526F6 /* Products */;
			projectDirPath = "";
			projectRoot = "";
			targets = (
				58FC3E791A5511F2003526F6 /* Forecasty */,
				58FC3E8E1A5511F3003526F6 /* ForecastyTests */,
			);
		};
/* End PBXProject section */

/* Begin PBXResourcesBuildPhase section */
		58FC3E781A5511F2003526F6 /* Resources */ = {
			isa = PBXResourcesBuildPhase;
			buildActionMask = 2147483647;
			files = (
				58FC3E851A5511F2003526F6 /* Main.storyboard in Resources */,
				58FC3E8A1A5511F2003526F6 /* LaunchScreen.xib in Resources */,
				58FC3E871A5511F2003526F6 /* Images.xcassets in Resources */,
			);
			runOnlyForDeploymentPostprocessing = 0;
		};
		58FC3E8D1A5511F3003526F6 /* Resources */ = {
			isa = PBXResourcesBuildPhase;
			buildActionMask = 2147483647;
			files = (
			);
			runOnlyForDeploymentPostprocessing = 0;
		};
/* End PBXResourcesBuildPhase section */

/* Begin PBXSourcesBuildPhase section */
		58FC3E761A5511F2003526F6 /* Sources */ = {
			isa = PBXSourcesBuildPhase;
			buildActionMask = 2147483647;
			files = (
				58FC3E821A5511F2003526F6 /* ViewController.swift in Sources */,
				588201821A6B26F5006AC7CC /* CurrentWeather.swift in Sources */,
				58FC3E801A5511F2003526F6 /* AppDelegate.swift in Sources */,
			);
			runOnlyForDeploymentPostprocessing = 0;
		};
		58FC3E8B1A5511F3003526F6 /* Sources */ = {
			isa = PBXSourcesBuildPhase;
			buildActionMask = 2147483647;
			files = (
				58FC3E961A5511F3003526F6 /* ForecastyTests.swift in Sources */,
			);
			runOnlyForDeploymentPostprocessing = 0;
		};
/* End PBXSourcesBuildPhase section */

/* Begin PBXTargetDependency section */
		58FC3E911A5511F3003526F6 /* PBXTargetDependency */ = {
			isa = PBXTargetDependency;
			target = 58FC3E791A5511F2003526F6 /* Forecasty */;
			targetProxy = 58FC3E901A5511F3003526F6 /* PBXContainerItemProxy */;
		};
/* End PBXTargetDependency section */

/* Begin PBXVariantGroup section */
		58FC3E831A5511F2003526F6 /* Main.storyboard */ = {
			isa = PBXVariantGroup;
			children = (
				58FC3E841A5511F2003526F6 /* Base */,
			);
			name = Main.storyboard;
			sourceTree = "<group>";
		};
		58FC3E881A5511F2003526F6 /* LaunchScreen.xib */ = {
			isa = PBXVariantGroup;
			children = (
				58FC3E891A5511F2003526F6 /* Base */,
			);
			name = LaunchScreen.xib;
			sourceTree = "<group>";
		};
/* End PBXVariantGroup section */

/* Begin XCBuildConfiguration section */
		58FC3E971A5511F3003526F6 /* Debug */ = {
			isa = XCBuildConfiguration;
			buildSettings = {
				ALWAYS_SEARCH_USER_PATHS = NO;
				CLANG_CXX_LANGUAGE_STANDARD = "gnu++0x";
				CLANG_CXX_LIBRARY = "libc++";
				CLANG_ENABLE_MODULES = YES;
				CLANG_ENABLE_OBJC_ARC = YES;
				CLANG_WARN_BOOL_CONVERSION = YES;
				CLANG_WARN_CONSTANT_CONVERSION = YES;
				CLANG_WARN_DIRECT_OBJC_ISA_USAGE = YES_ERROR;
				CLANG_WARN_EMPTY_BODY = YES;
				CLANG_WARN_ENUM_CONVERSION = YES;
				CLANG_WARN_INT_CONVERSION = YES;
				CLANG_WARN_OBJC_ROOT_CLASS = YES_ERROR;
				CLANG_WARN_UNREACHABLE_CODE = YES;
				CLANG_WARN__DUPLICATE_METHOD_MATCH = YES;
				"CODE_SIGN_IDENTITY[sdk=iphoneos*]" = "iPhone Developer";
				COPY_PHASE_STRIP = NO;
				ENABLE_STRICT_OBJC_MSGSEND = YES;
				GCC_C_LANGUAGE_STANDARD = gnu99;
				GCC_DYNAMIC_NO_PIC = NO;
				GCC_OPTIMIZATION_LEVEL = 0;
				GCC_PREPROCESSOR_DEFINITIONS = (
					"DEBUG=1",
					"$(inherited)",
				);
				GCC_SYMBOLS_PRIVATE_EXTERN = NO;
				GCC_WARN_64_TO_32_BIT_CONVERSION = YES;
				GCC_WARN_ABOUT_RETURN_TYPE = YES_ERROR;
				GCC_WARN_UNDECLARED_SELECTOR = YES;
				GCC_WARN_UNINITIALIZED_AUTOS = YES_AGGRESSIVE;
				GCC_WARN_UNUSED_FUNCTION = YES;
				GCC_WARN_UNUSED_VARIABLE = YES;
				IPHONEOS_DEPLOYMENT_TARGET = 8.1;
				MTL_ENABLE_DEBUG_INFO = YES;
				ONLY_ACTIVE_ARCH = YES;
				SDKROOT = iphoneos;
				SWIFT_OPTIMIZATION_LEVEL = "-Onone";
			};
			name = Debug;
		};
		58FC3E981A5511F3003526F6 /* Release */ = {
			isa = XCBuildConfiguration;
			buildSettings = {
				ALWAYS_SEARCH_USER_PATHS = NO;
				CLANG_CXX_LANGUAGE_STANDARD = "gnu++0x";
				CLANG_CXX_LIBRARY = "libc++";
				CLANG_ENABLE_MODULES = YES;
				CLANG_ENABLE_OBJC_ARC = YES;
				CLANG_WARN_BOOL_CONVERSION = YES;
				CLANG_WARN_CONSTANT_CONVERSION = YES;
				CLANG_WARN_DIRECT_OBJC_ISA_USAGE = YES_ERROR;
				CLANG_WARN_EMPTY_BODY = YES;
				CLANG_WARN_ENUM_CONVERSION = YES;
				CLANG_WARN_INT_CONVERSION = YES;
				CLANG_WARN_OBJC_ROOT_CLASS = YES_ERROR;
				CLANG_WARN_UNREACHABLE_CODE = YES;
				CLANG_WARN__DUPLICATE_METHOD_MATCH = YES;
				"CODE_SIGN_IDENTITY[sdk=iphoneos*]" = "iPhone Developer";
				COPY_PHASE_STRIP = YES;
				ENABLE_NS_ASSERTIONS = NO;
				ENABLE_STRICT_OBJC_MSGSEND = YES;
				GCC_C_LANGUAGE_STANDARD = gnu99;
				GCC_WARN_64_TO_32_BIT_CONVERSION = YES;
				GCC_WARN_ABOUT_RETURN_TYPE = YES_ERROR;
				GCC_WARN_UNDECLARED_SELECTOR = YES;
				GCC_WARN_UNINITIALIZED_AUTOS = YES_AGGRESSIVE;
				GCC_WARN_UNUSED_FUNCTION = YES;
				GCC_WARN_UNUSED_VARIABLE = YES;
				IPHONEOS_DEPLOYMENT_TARGET = 8.1;
				MTL_ENABLE_DEBUG_INFO = NO;
				SDKROOT = iphoneos;
				VALIDATE_PRODUCT = YES;
			};
			name = Release;
		};
		58FC3E9A1A5511F3003526F6 /* Debug */ = {
			isa = XCBuildConfiguration;
			buildSettings = {
				ASSETCATALOG_COMPILER_APPICON_NAME = AppIcon;
				INFOPLIST_FILE = Forecasty/Info.plist;
				IPHONEOS_DEPLOYMENT_TARGET = 8.0;
				LD_RUNPATH_SEARCH_PATHS = "$(inherited) @executable_path/Frameworks";
				PRODUCT_NAME = "$(TARGET_NAME)";
			};
			name = Debug;
		};
		58FC3E9B1A5511F3003526F6 /* Release */ = {
			isa = XCBuildConfiguration;
			buildSettings = {
				ASSETCATALOG_COMPILER_APPICON_NAME = AppIcon;
				INFOPLIST_FILE = Forecasty/Info.plist;
				IPHONEOS_DEPLOYMENT_TARGET = 8.0;
				LD_RUNPATH_SEARCH_PATHS = "$(inherited) @executable_path/Frameworks";
				PRODUCT_NAME = "$(TARGET_NAME)";
			};
			name = Release;
		};
		58FC3E9D1A5511F3003526F6 /* Debug */ = {
			isa = XCBuildConfiguration;
			buildSettings = {
				BUNDLE_LOADER = "$(TEST_HOST)";
				FRAMEWORK_SEARCH_PATHS = (
					"$(SDKROOT)/Developer/Library/Frameworks",
					"$(inherited)",
				);
				GCC_PREPROCESSOR_DEFINITIONS = (
					"DEBUG=1",
					"$(inherited)",
				);
				INFOPLIST_FILE = ForecastyTests/Info.plist;
				LD_RUNPATH_SEARCH_PATHS = "$(inherited) @executable_path/Frameworks @loader_path/Frameworks";
				PRODUCT_NAME = "$(TARGET_NAME)";
				TEST_HOST = "$(BUILT_PRODUCTS_DIR)/Forecasty.app/Forecasty";
			};
			name = Debug;
		};
		58FC3E9E1A5511F3003526F6 /* Release */ = {
			isa = XCBuildConfiguration;
			buildSettings = {
				BUNDLE_LOADER = "$(TEST_HOST)";
				FRAMEWORK_SEARCH_PATHS = (
					"$(SDKROOT)/Developer/Library/Frameworks",
					"$(inherited)",
				);
				INFOPLIST_FILE = ForecastyTests/Info.plist;
				LD_RUNPATH_SEARCH_PATHS = "$(inherited) @executable_path/Frameworks @loader_path/Frameworks";
				PRODUCT_NAME = "$(TARGET_NAME)";
				TEST_HOST = "$(BUILT_PRODUCTS_DIR)/Forecasty.app/Forecasty";
			};
			name = Release;
		};
/* End XCBuildConfiguration section */

/* Begin XCConfigurationList section */
		58FC3E751A5511F2003526F6 /* Build configuration list for PBXProject "Forecasty" */ = {
			isa = XCConfigurationList;
			buildConfigurations = (
				58FC3E971A5511F3003526F6 /* Debug */,
				58FC3E981A5511F3003526F6 /* Release */,
			);
			defaultConfigurationIsVisible = 0;
			defaultConfigurationName = Release;
		};
		58FC3E991A5511F3003526F6 /* Build configuration list for PBXNativeTarget "Forecasty" */ = {
			isa = XCConfigurationList;
			buildConfigurations = (
				58FC3E9A1A5511F3003526F6 /* Debug */,
				58FC3E9B1A5511F3003526F6 /* Release */,
			);
			defaultConfigurationIsVisible = 0;
			defaultConfigurationName = Release;
		};
		58FC3E9C1A5511F3003526F6 /* Build configuration list for PBXNativeTarget "ForecastyTests" */ = {
			isa = XCConfigurationList;
			buildConfigurations = (
				58FC3E9D1A5511F3003526F6 /* Debug */,
				58FC3E9E1A5511F3003526F6 /* Release */,
			);
			defaultConfigurationIsVisible = 0;
			defaultConfigurationName = Release;
		};
/* End XCConfigurationList section */
	};
	rootObject = 58FC3E721A5511F2003526F6 /* Project object */;
}
